
Microsoft Visual Studio Solution File, Format Version 12.00
# Visual Studio Version 17
VisualStudioVersion = 17.2.32602.215
MinimumVisualStudioVersion = 10.0.40219.1
Project("{FAE04EC0-301F-11D3-BF4B-00C04F79EFBC}") = "Survey", "Survey\Survey.csproj", "{75EFF14C-3B8B-4CE9-9EC1-95801E5FD4AA}"
EndProject
Global
	GlobalSection(SolutionConfigurationPlatforms) = preSolution
		Debug|Any CPU = Debug|Any CPU
		Release|Any CPU = Release|Any CPU
	EndGlobalSection
	GlobalSection(ProjectConfigurationPlatforms) = postSolution
		{75EFF14C-3B8B-4CE9-9EC1-95801E5FD4AA}.Debug|Any CPU.ActiveCfg = Debug|Any CPU
		{75EFF14C-3B8B-4CE9-9EC1-95801E5FD4AA}.Debug|Any CPU.Build.0 = Debug|Any CPU
		{75EFF14C-3B8B-4CE9-9EC1-95801E5FD4AA}.Release|Any CPU.ActiveCfg = Release|Any CPU
		{75EFF14C-3B8B-4CE9-9EC1-95801E5FD4AA}.Release|Any CPU.Build.0 = Release|Any CPU
	EndGlobalSection
	GlobalSection(SolutionProperties) = preSolution
		HideSolutionNode = FALSE
	EndGlobalSection
	GlobalSection(ExtensibilityGlobals) = postSolution
		SolutionGuid = {E7FAD3A1-7D36-4D6C-8891-A2DA78D6E568}
	EndGlobalSection
EndGlobal
